
Microsoft Visual Studio Solution File, Format Version 11.00
# Visual Studio 2010
Project("{FAE04EC0-301F-11D3-BF4B-00C04F79EFBC}") = "ExecutionLibTests", "src\ExecutionLibTests\ExecutionLibTests.csproj", "{59963475-E58E-4895-99A2-0A719C461673}"
EndProject
Project("{FAE04EC0-301F-11D3-BF4B-00C04F79EFBC}") = "Domo.AsyncExecutionLib", "src\Domo.AsyncExecutionLib\Domo.AsyncExecutionLib.csproj", "{5960BEA1-1CB9-4655-AA44-C97DF3A412AB}"
EndProject
Project("{FAE04EC0-301F-11D3-BF4B-00C04F79EFBC}") = "Domo.AsyncExecutionLib.StructureMapBuilder", "src\Domo.AsyncExecutionLib.StructureMapBuilder\Domo.AsyncExecutionLib.StructureMapBuilder.csproj", "{D636713F-0A84-4A30-92A4-6CA631A8727E}"
EndProject
Project("{FAE04EC0-301F-11D3-BF4B-00C04F79EFBC}") = "SampleClient", "src\SampleClient\SampleClient.csproj", "{0F755C15-D1A4-4C60-BBE7-C3D3F427AFB7}"
EndProject
Project("{2150E333-8FDC-42A3-9474-1A3956D46DE8}") = "UnitTests", "UnitTests", "{042B8221-6223-449F-9A0F-A9FAAFA6B529}"
EndProject
Project("{2150E333-8FDC-42A3-9474-1A3956D46DE8}") = "Sample", "Sample", "{ECF03FE5-E32E-4B53-8E19-A79FF62851DB}"
EndProject
Global
	GlobalSection(SolutionConfigurationPlatforms) = preSolution
		Debug|Any CPU = Debug|Any CPU
		Debug|Mixed Platforms = Debug|Mixed Platforms
		Debug|x86 = Debug|x86
		Release|Any CPU = Release|Any CPU
		Release|Mixed Platforms = Release|Mixed Platforms
		Release|x86 = Release|x86
	EndGlobalSection
	GlobalSection(ProjectConfigurationPlatforms) = postSolution
		{59963475-E58E-4895-99A2-0A719C461673}.Debug|Any CPU.ActiveCfg = Debug|Any CPU
		{59963475-E58E-4895-99A2-0A719C461673}.Debug|Any CPU.Build.0 = Debug|Any CPU
		{59963475-E58E-4895-99A2-0A719C461673}.Debug|Mixed Platforms.ActiveCfg = Debug|Any CPU
		{59963475-E58E-4895-99A2-0A719C461673}.Debug|Mixed Platforms.Build.0 = Debug|Any CPU
		{59963475-E58E-4895-99A2-0A719C461673}.Debug|x86.ActiveCfg = Debug|Any CPU
		{59963475-E58E-4895-99A2-0A719C461673}.Release|Any CPU.ActiveCfg = Release|Any CPU
		{59963475-E58E-4895-99A2-0A719C461673}.Release|Any CPU.Build.0 = Release|Any CPU
		{59963475-E58E-4895-99A2-0A719C461673}.Release|Mixed Platforms.ActiveCfg = Release|Any CPU
		{59963475-E58E-4895-99A2-0A719C461673}.Release|Mixed Platforms.Build.0 = Release|Any CPU
		{59963475-E58E-4895-99A2-0A719C461673}.Release|x86.ActiveCfg = Release|Any CPU
		{5960BEA1-1CB9-4655-AA44-C97DF3A412AB}.Debug|Any CPU.ActiveCfg = Debug|Any CPU
		{5960BEA1-1CB9-4655-AA44-C97DF3A412AB}.Debug|Any CPU.Build.0 = Debug|Any CPU
		{5960BEA1-1CB9-4655-AA44-C97DF3A412AB}.Debug|Mixed Platforms.ActiveCfg = Debug|Any CPU
		{5960BEA1-1CB9-4655-AA44-C97DF3A412AB}.Debug|Mixed Platforms.Build.0 = Debug|Any CPU
		{5960BEA1-1CB9-4655-AA44-C97DF3A412AB}.Debug|x86.ActiveCfg = Debug|Any CPU
		{5960BEA1-1CB9-4655-AA44-C97DF3A412AB}.Release|Any CPU.ActiveCfg = Release|Any CPU
		{5960BEA1-1CB9-4655-AA44-C97DF3A412AB}.Release|Any CPU.Build.0 = Release|Any CPU
		{5960BEA1-1CB9-4655-AA44-C97DF3A412AB}.Release|Mixed Platforms.ActiveCfg = Release|Any CPU
		{5960BEA1-1CB9-4655-AA44-C97DF3A412AB}.Release|Mixed Platforms.Build.0 = Release|Any CPU
		{5960BEA1-1CB9-4655-AA44-C97DF3A412AB}.Release|x86.ActiveCfg = Release|Any CPU
		{D636713F-0A84-4A30-92A4-6CA631A8727E}.Debug|Any CPU.ActiveCfg = Debug|Any CPU
		{D636713F-0A84-4A30-92A4-6CA631A8727E}.Debug|Any CPU.Build.0 = Debug|Any CPU
		{D636713F-0A84-4A30-92A4-6CA631A8727E}.Debug|Mixed Platforms.ActiveCfg = Debug|Any CPU
		{D636713F-0A84-4A30-92A4-6CA631A8727E}.Debug|Mixed Platforms.Build.0 = Debug|Any CPU
		{D636713F-0A84-4A30-92A4-6CA631A8727E}.Debug|x86.ActiveCfg = Debug|Any CPU
		{D636713F-0A84-4A30-92A4-6CA631A8727E}.Release|Any CPU.ActiveCfg = Release|Any CPU
		{D636713F-0A84-4A30-92A4-6CA631A8727E}.Release|Any CPU.Build.0 = Release|Any CPU
		{D636713F-0A84-4A30-92A4-6CA631A8727E}.Release|Mixed Platforms.ActiveCfg = Release|Any CPU
		{D636713F-0A84-4A30-92A4-6CA631A8727E}.Release|Mixed Platforms.Build.0 = Release|Any CPU
		{D636713F-0A84-4A30-92A4-6CA631A8727E}.Release|x86.ActiveCfg = Release|Any CPU
		{0F755C15-D1A4-4C60-BBE7-C3D3F427AFB7}.Debug|Any CPU.ActiveCfg = Debug|x86
		{0F755C15-D1A4-4C60-BBE7-C3D3F427AFB7}.Debug|Mixed Platforms.ActiveCfg = Debug|x86
		{0F755C15-D1A4-4C60-BBE7-C3D3F427AFB7}.Debug|Mixed Platforms.Build.0 = Debug|x86
		{0F755C15-D1A4-4C60-BBE7-C3D3F427AFB7}.Debug|x86.ActiveCfg = Debug|x86
		{0F755C15-D1A4-4C60-BBE7-C3D3F427AFB7}.Debug|x86.Build.0 = Debug|x86
		{0F755C15-D1A4-4C60-BBE7-C3D3F427AFB7}.Release|Any CPU.ActiveCfg = Release|x86
		{0F755C15-D1A4-4C60-BBE7-C3D3F427AFB7}.Release|Mixed Platforms.ActiveCfg = Release|x86
		{0F755C15-D1A4-4C60-BBE7-C3D3F427AFB7}.Release|Mixed Platforms.Build.0 = Release|x86
		{0F755C15-D1A4-4C60-BBE7-C3D3F427AFB7}.Release|x86.ActiveCfg = Release|x86
		{0F755C15-D1A4-4C60-BBE7-C3D3F427AFB7}.Release|x86.Build.0 = Release|x86
	EndGlobalSection
	GlobalSection(SolutionProperties) = preSolution
		HideSolutionNode = FALSE
	EndGlobalSection
	GlobalSection(NestedProjects) = preSolution
		{59963475-E58E-4895-99A2-0A719C461673} = {042B8221-6223-449F-9A0F-A9FAAFA6B529}
		{0F755C15-D1A4-4C60-BBE7-C3D3F427AFB7} = {ECF03FE5-E32E-4B53-8E19-A79FF62851DB}
	EndGlobalSection
EndGlobal
